// !$*UTF8*$!
{
	archiveVersion = 1;
	classes = {
	};
	objectVersion = 56;
	objects = {

/* Begin PBXBuildFile section */
		E3AACCB82B299E4E003EF2DB /* AppDelegate.swift in Sources */ = {isa = PBXBuildFile; fileRef = E3AACCB72B299E4E003EF2DB /* AppDelegate.swift */; };
		E3AACCBA2B299E4E003EF2DB /* SceneDelegate.swift in Sources */ = {isa = PBXBuildFile; fileRef = E3AACCB92B299E4E003EF2DB /* SceneDelegate.swift */; };
		E3AACCBC2B299E4E003EF2DB /* ViewController.swift in Sources */ = {isa = PBXBuildFile; fileRef = E3AACCBB2B299E4E003EF2DB /* ViewController.swift */; };
		E3AACCBF2B299E4E003EF2DB /* Main.storyboard in Resources */ = {isa = PBXBuildFile; fileRef = E3AACCBD2B299E4E003EF2DB /* Main.storyboard */; };
		E3AACCC12B299E50003EF2DB /* Assets.xcassets in Resources */ = {isa = PBXBuildFile; fileRef = E3AACCC02B299E50003EF2DB /* Assets.xcassets */; };
		E3AACCC42B299E50003EF2DB /* LaunchScreen.storyboard in Resources */ = {isa = PBXBuildFile; fileRef = E3AACCC22B299E50003EF2DB /* LaunchScreen.storyboard */; };
		E3AACCD12B29A1F8003EF2DB /* List.swift in Sources */ = {isa = PBXBuildFile; fileRef = E3AACCD02B29A1F8003EF2DB /* List.swift */; };
		E3AACCD32B29A544003EF2DB /* ViewModelList.swift in Sources */ = {isa = PBXBuildFile; fileRef = E3AACCD22B29A544003EF2DB /* ViewModelList.swift */; };
/* End PBXBuildFile section */

/* Begin PBXFileReference section */
		E3AACCB42B299E4E003EF2DB /* pure_MVVM.app */ = {isa = PBXFileReference; explicitFileType = wrapper.application; includeInIndex = 0; path = pure_MVVM.app; sourceTree = BUILT_PRODUCTS_DIR; };
		E3AACCB72B299E4E003EF2DB /* AppDelegate.swift */ = {isa = PBXFileReference; lastKnownFileType = sourcecode.swift; path = AppDelegate.swift; sourceTree = "<group>"; };
		E3AACCB92B299E4E003EF2DB /* SceneDelegate.swift */ = {isa = PBXFileReference; lastKnownFileType = sourcecode.swift; path = SceneDelegate.swift; sourceTree = "<group>"; };
		E3AACCBB2B299E4E003EF2DB /* ViewController.swift */ = {isa = PBXFileReference; lastKnownFileType = sourcecode.swift; path = ViewController.swift; sourceTree = "<group>"; };
		E3AACCBE2B299E4E003EF2DB /* Base */ = {isa = PBXFileReference; lastKnownFileType = file.storyboard; name = Base; path = Base.lproj/Main.storyboard; sourceTree = "<group>"; };
		E3AACCC02B299E50003EF2DB /* Assets.xcassets */ = {isa = PBXFileReference; lastKnownFileType = folder.assetcatalog; path = Assets.xcassets; sourceTree = "<group>"; };
		E3AACCC32B299E50003EF2DB /* Base */ = {isa = PBXFileReference; lastKnownFileType = file.storyboard; name = Base; path = Base.lproj/LaunchScreen.storyboard; sourceTree = "<group>"; };
		E3AACCC52B299E50003EF2DB /* Info.plist */ = {isa = PBXFileReference; lastKnownFileType = text.plist.xml; path = Info.plist; sourceTree = "<group>"; };
		E3AACCD02B29A1F8003EF2DB /* List.swift */ = {isa = PBXFileReference; lastKnownFileType = sourcecode.swift; path = List.swift; sourceTree = "<group>"; };
		E3AACCD22B29A544003EF2DB /* ViewModelList.swift */ = {isa = PBXFileReference; lastKnownFileType = sourcecode.swift; path = ViewModelList.swift; sourceTree = "<group>"; };
/* End PBXFileReference section */

/* Begin PBXFrameworksBuildPhase section */
		E3AACCB12B299E4E003EF2DB /* Frameworks */ = {
			isa = PBXFrameworksBuildPhase;
			buildActionMask = 2147483647;
			files = (
			);
			runOnlyForDeploymentPostprocessing = 0;
		};
/* End PBXFrameworksBuildPhase section */

/* Begin PBXGroup section */
		E3AACCAB2B299E4E003EF2DB = {
			isa = PBXGroup;
			children = (
				E3AACCB62B299E4E003EF2DB /* pure_MVVM */,
				E3AACCB52B299E4E003EF2DB /* Products */,
			);
			sourceTree = "<group>";
		};
		E3AACCB52B299E4E003EF2DB /* Products */ = {
			isa = PBXGroup;
			children = (
				E3AACCB42B299E4E003EF2DB /* pure_MVVM.app */,
			);
			name = Products;
			sourceTree = "<group>";
		};
		E3AACCB62B299E4E003EF2DB /* pure_MVVM */ = {
			isa = PBXGroup;
			children = (
				E3AACCCB2B299E5E003EF2DB /* Main */,
				E3AACCBB2B299E4E003EF2DB /* ViewController.swift */,
				E3AACCC02B299E50003EF2DB /* Assets.xcassets */,
				E3AACCC22B299E50003EF2DB /* LaunchScreen.storyboard */,
				E3AACCC52B299E50003EF2DB /* Info.plist */,
			);
			path = pure_MVVM;
			sourceTree = "<group>";
		};
		E3AACCCB2B299E5E003EF2DB /* Main */ = {
			isa = PBXGroup;
			children = (
				E3AACCB72B299E4E003EF2DB /* AppDelegate.swift */,
				E3AACCB92B299E4E003EF2DB /* SceneDelegate.swift */,
				E3AACCCC2B299E64003EF2DB /* Model */,
				E3AACCCD2B299E6A003EF2DB /* View */,
				E3AACCCE2B299E6E003EF2DB /* ViewModel */,
			);
			path = Main;
			sourceTree = "<group>";
		};
		E3AACCCC2B299E64003EF2DB /* Model */ = {
			isa = PBXGroup;
			children = (
				E3AACCD02B29A1F8003EF2DB /* List.swift */,
			);
			path = Model;
			sourceTree = "<group>";
		};
		E3AACCCD2B299E6A003EF2DB /* View */ = {
			isa = PBXGroup;
			children = (
				E3AACCBD2B299E4E003EF2DB /* Main.storyboard */,
			);
			path = View;
			sourceTree = "<group>";
		};
		E3AACCCE2B299E6E003EF2DB /* ViewModel */ = {
			isa = PBXGroup;
			children = (
				E3AACCD22B29A544003EF2DB /* ViewModelList.swift */,
			);
			path = ViewModel;
			sourceTree = "<group>";
		};
/* End PBXGroup section */

/* Begin PBXNativeTarget section */
		E3AACCB32B299E4E003EF2DB /* pure_MVVM */ = {
			isa = PBXNativeTarget;
			buildConfigurationList = E3AACCC82B299E50003EF2DB /* Build configuration list for PBXNativeTarget "pure_MVVM" */;
			buildPhases = (
				E3AACCB02B299E4E003EF2DB /* Sources */,
				E3AACCB12B299E4E003EF2DB /* Frameworks */,
				E3AACCB22B299E4E003EF2DB /* Resources */,
			);
			buildRules = (
			);
			dependencies = (
			);
			name = pure_MVVM;
			productName = pure_MVVM;
			productReference = E3AACCB42B299E4E003EF2DB /* pure_MVVM.app */;
			productType = "com.apple.product-type.application";
		};
/* End PBXNativeTarget section */

/* Begin PBXProject section */
		E3AACCAC2B299E4E003EF2DB /* Project object */ = {
			isa = PBXProject;
			attributes = {
				BuildIndependentTargetsInParallel = 1;
				LastSwiftUpdateCheck = 1500;
				LastUpgradeCheck = 1500;
				TargetAttributes = {
					E3AACCB32B299E4E003EF2DB = {
						CreatedOnToolsVersion = 15.0;
					};
				};
			};
			buildConfigurationList = E3AACCAF2B299E4E003EF2DB /* Build configuration list for PBXProject "pure_MVVM" */;
			compatibilityVersion = "Xcode 14.0";
			developmentRegion = en;
			hasScannedForEncodings = 0;
			knownRegions = (
				en,
				Base,
			);
			mainGroup = E3AACCAB2B299E4E003EF2DB;
			productRefGroup = E3AACCB52B299E4E003EF2DB /* Products */;
			projectDirPath = "";
			projectRoot = "";
			targets = (
				E3AACCB32B299E4E003EF2DB /* pure_MVVM */,
			);
		};
/* End PBXProject section */

/* Begin PBXResourcesBuildPhase section */
		E3AACCB22B299E4E003EF2DB /* Resources */ = {
			isa = PBXResourcesBuildPhase;
			buildActionMask = 2147483647;
			files = (
				E3AACCC42B299E50003EF2DB /* LaunchScreen.storyboard in Resources */,
				E3AACCC12B299E50003EF2DB /* Assets.xcassets in Resources */,
				E3AACCBF2B299E4E003EF2DB /* Main.storyboard in Resources */,
			);
			runOnlyForDeploymentPostprocessing = 0;
		};
/* End PBXResourcesBuildPhase section */

/* Begin PBXSourcesBuildPhase section */
		E3AACCB02B299E4E003EF2DB /* Sources */ = {
			isa = PBXSourcesBuildPhase;
			buildActionMask = 2147483647;
			files = (
				E3AACCBC2B299E4E003EF2DB /* ViewController.swift in Sources */,
				E3AACCD32B29A544003EF2DB /* ViewModelList.swift in Sources */,
				E3AACCD12B29A1F8003EF2DB /* List.swift in Sources */,
				E3AACCB82B299E4E003EF2DB /* AppDelegate.swift in Sources */,
				E3AACCBA2B299E4E003EF2DB /* SceneDelegate.swift in Sources */,
			);
			runOnlyForDeploymentPostprocessing = 0;
		};
/* End PBXSourcesBuildPhase section */

/* Begin PBXVariantGroup section */
		E3AACCBD2B299E4E003EF2DB /* Main.storyboard */ = {
			isa = PBXVariantGroup;
			children = (
				E3AACCBE2B299E4E003EF2DB /* Base */,
			);
			name = Main.storyboard;
			sourceTree = "<group>";
		};
		E3AACCC22B299E50003EF2DB /* LaunchScreen.storyboard */ = {
			isa = PBXVariantGroup;
			children = (
				E3AACCC32B299E50003EF2DB /* Base */,
			);
			name = LaunchScreen.storyboard;
			sourceTree = "<group>";
		};
/* End PBXVariantGroup section */

/* Begin XCBuildConfiguration section */
		E3AACCC62B299E50003EF2DB /* Debug */ = {
			isa = XCBuildConfiguration;
			buildSettings = {
				ALWAYS_SEARCH_USER_PATHS = NO;
				ASSETCATALOG_COMPILER_GENERATE_SWIFT_ASSET_SYMBOL_EXTENSIONS = YES;
				CLANG_ANALYZER_NONNULL = YES;
				CLANG_ANALYZER_NUMBER_OBJECT_CONVERSION = YES_AGGRESSIVE;
				CLANG_CXX_LANGUAGE_STANDARD = "gnu++20";
				CLANG_ENABLE_MODULES = YES;
				CLANG_ENABLE_OBJC_ARC = YES;
				CLANG_ENABLE_OBJC_WEAK = YES;
				CLANG_WARN_BLOCK_CAPTURE_AUTORELEASING = YES;
				CLANG_WARN_BOOL_CONVERSION = YES;
				CLANG_WARN_COMMA = YES;
				CLANG_WARN_CONSTANT_CONVERSION = YES;
				CLANG_WARN_DEPRECATED_OBJC_IMPLEMENTATIONS = YES;
				CLANG_WARN_DIRECT_OBJC_ISA_USAGE = YES_ERROR;
				CLANG_WARN_DOCUMENTATION_COMMENTS = YES;
				CLANG_WARN_EMPTY_BODY = YES;
				CLANG_WARN_ENUM_CONVERSION = YES;
				CLANG_WARN_INFINITE_RECURSION = YES;
				CLANG_WARN_INT_CONVERSION = YES;
				CLANG_WARN_NON_LITERAL_NULL_CONVERSION = YES;
				CLANG_WARN_OBJC_IMPLICIT_RETAIN_SELF = YES;
				CLANG_WARN_OBJC_LITERAL_CONVERSION = YES;
				CLANG_WARN_OBJC_ROOT_CLASS = YES_ERROR;
				CLANG_WARN_QUOTED_INCLUDE_IN_FRAMEWORK_HEADER = YES;
				CLANG_WARN_RANGE_LOOP_ANALYSIS = YES;
				CLANG_WARN_STRICT_PROTOTYPES = YES;
				CLANG_WARN_SUSPICIOUS_MOVE = YES;
				CLANG_WARN_UNGUARDED_AVAILABILITY = YES_AGGRESSIVE;
				CLANG_WARN_UNREACHABLE_CODE = YES;
				CLANG_WARN__DUPLICATE_METHOD_MATCH = YES;
				COPY_PHASE_STRIP = NO;
				DEBUG_INFORMATION_FORMAT = dwarf;
				ENABLE_STRICT_OBJC_MSGSEND = YES;
				ENABLE_TESTABILITY = YES;
				ENABLE_USER_SCRIPT_SANDBOXING = YES;
				GCC_C_LANGUAGE_STANDARD = gnu17;
				GCC_DYNAMIC_NO_PIC = NO;
				GCC_NO_COMMON_BLOCKS = YES;
				GCC_OPTIMIZATION_LEVEL = 0;
				GCC_PREPROCESSOR_DEFINITIONS = (
					"DEBUG=1",
					"$(inherited)",
				);
				GCC_WARN_64_TO_32_BIT_CONVERSION = YES;
				GCC_WARN_ABOUT_RETURN_TYPE = YES_ERROR;
				GCC_WARN_UNDECLARED_SELECTOR = YES;
				GCC_WARN_UNINITIALIZED_AUTOS = YES_AGGRESSIVE;
				GCC_WARN_UNUSED_FUNCTION = YES;
				GCC_WARN_UNUSED_VARIABLE = YES;
				IPHONEOS_DEPLOYMENT_TARGET = 17.0;
				LOCALIZATION_PREFERS_STRING_CATALOGS = YES;
				MTL_ENABLE_DEBUG_INFO = INCLUDE_SOURCE;
				MTL_FAST_MATH = YES;
				ONLY_ACTIVE_ARCH = YES;
				SDKROOT = iphoneos;
				SWIFT_ACTIVE_COMPILATION_CONDITIONS = "DEBUG $(inherited)";
				SWIFT_OPTIMIZATION_LEVEL = "-Onone";
			};
			name = Debug;
		};
		E3AACCC72B299E50003EF2DB /* Release */ = {
			isa = XCBuildConfiguration;
			buildSettings = {
				ALWAYS_SEARCH_USER_PATHS = NO;
				ASSETCATALOG_COMPILER_GENERATE_SWIFT_ASSET_SYMBOL_EXTENSIONS = YES;
				CLANG_ANALYZER_NONNULL = YES;
				CLANG_ANALYZER_NUMBER_OBJECT_CONVERSION = YES_AGGRESSIVE;
				CLANG_CXX_LANGUAGE_STANDARD = "gnu++20";
				CLANG_ENABLE_MODULES = YES;
				CLANG_ENABLE_OBJC_ARC = YES;
				CLANG_ENABLE_OBJC_WEAK = YES;
				CLANG_WARN_BLOCK_CAPTURE_AUTORELEASING = YES;
				CLANG_WARN_BOOL_CONVERSION = YES;
				CLANG_WARN_COMMA = YES;
				CLANG_WARN_CONSTANT_CONVERSION = YES;
				CLANG_WARN_DEPRECATED_OBJC_IMPLEMENTATIONS = YES;
				CLANG_WARN_DIRECT_OBJC_ISA_USAGE = YES_ERROR;
				CLANG_WARN_DOCUMENTATION_COMMENTS = YES;
				CLANG_WARN_EMPTY_BODY = YES;
				CLANG_WARN_ENUM_CONVERSION = YES;
				CLANG_WARN_INFINITE_RECURSION = YES;
				CLANG_WARN_INT_CONVERSION = YES;
				CLANG_WARN_NON_LITERAL_NULL_CONVERSION = YES;
				CLANG_WARN_OBJC_IMPLICIT_RETAIN_SELF = YES;
				CLANG_WARN_OBJC_LITERAL_CONVERSION = YES;
				CLANG_WARN_OBJC_ROOT_CLASS = YES_ERROR;
				CLANG_WARN_QUOTED_INCLUDE_IN_FRAMEWORK_HEADER = YES;
				CLANG_WARN_RANGE_LOOP_ANALYSIS = YES;
				CLANG_WARN_STRICT_PROTOTYPES = YES;
				CLANG_WARN_SUSPICIOUS_MOVE = YES;
				CLANG_WARN_UNGUARDED_AVAILABILITY = YES_AGGRESSIVE;
				CLANG_WARN_UNREACHABLE_CODE = YES;
				CLANG_WARN__DUPLICATE_METHOD_MATCH = YES;
				COPY_PHASE_STRIP = NO;
				DEBUG_INFORMATION_FORMAT = "dwarf-with-dsym";
				ENABLE_NS_ASSERTIONS = NO;
				ENABLE_STRICT_OBJC_MSGSEND = YES;
				ENABLE_USER_SCRIPT_SANDBOXING = YES;
				GCC_C_LANGUAGE_STANDARD = gnu17;
				GCC_NO_COMMON_BLOCKS = YES;
				GCC_WARN_64_TO_32_BIT_CONVERSION = YES;
				GCC_WARN_ABOUT_RETURN_TYPE = YES_ERROR;
				GCC_WARN_UNDECLARED_SELECTOR = YES;
				GCC_WARN_UNINITIALIZED_AUTOS = YES_AGGRESSIVE;
				GCC_WARN_UNUSED_FUNCTION = YES;
				GCC_WARN_UNUSED_VARIABLE = YES;
				IPHONEOS_DEPLOYMENT_TARGET = 17.0;
				LOCALIZATION_PREFERS_STRING_CATALOGS = YES;
				MTL_ENABLE_DEBUG_INFO = NO;
				MTL_FAST_MATH = YES;
				SDKROOT = iphoneos;
				SWIFT_COMPILATION_MODE = wholemodule;
				VALIDATE_PRODUCT = YES;
			};
			name = Release;
		};
		E3AACCC92B299E50003EF2DB /* Debug */ = {
			isa = XCBuildConfiguration;
			buildSettings = {
				ASSETCATALOG_COMPILER_APPICON_NAME = AppIcon;
				ASSETCATALOG_COMPILER_GLOBAL_ACCENT_COLOR_NAME = AccentColor;
				CODE_SIGN_STYLE = Automatic;
				CURRENT_PROJECT_VERSION = 1;
				DEVELOPMENT_TEAM = 7VP5583697;
				GENERATE_INFOPLIST_FILE = YES;
				INFOPLIST_FILE = pure_MVVM/Info.plist;
				INFOPLIST_KEY_UIApplicationSupportsIndirectInputEvents = YES;
				INFOPLIST_KEY_UILaunchStoryboardName = LaunchScreen;
				INFOPLIST_KEY_UIMainStoryboardFile = Main;
				INFOPLIST_KEY_UISupportedInterfaceOrientations = UIInterfaceOrientationPortrait;
				INFOPLIST_KEY_UISupportedInterfaceOrientations_iPad = "UIInterfaceOrientationLandscapeLeft UIInterfaceOrientationLandscapeRight UIInterfaceOrientationPortrait UIInterfaceOrientationPortraitUpsideDown";
				LD_RUNPATH_SEARCH_PATHS = (
					"$(inherited)",
					"@executable_path/Frameworks",
				);
				MARKETING_VERSION = 1.0;
				PRODUCT_BUNDLE_IDENTIFIER = "com.pure-mvvm.pure-MVVM";
				PRODUCT_NAME = "$(TARGET_NAME)";
				SUPPORTED_PLATFORMS = "iphoneos iphonesimulator";
				SUPPORTS_MACCATALYST = NO;
				SWIFT_EMIT_LOC_STRINGS = YES;
				SWIFT_VERSION = 5.0;
				TARGETED_DEVICE_FAMILY = 1;
			};
			name = Debug;
		};
		E3AACCCA2B299E50003EF2DB /* Release */ = {
			isa = XCBuildConfiguration;
			buildSettings = {
				ASSETCATALOG_COMPILER_APPICON_NAME = AppIcon;
				ASSETCATALOG_COMPILER_GLOBAL_ACCENT_COLOR_NAME = AccentColor;
				CODE_SIGN_STYLE = Automatic;
				CURRENT_PROJECT_VERSION = 1;
				DEVELOPMENT_TEAM = 7VP5583697;
				GENERATE_INFOPLIST_FILE = YES;
				INFOPLIST_FILE = pure_MVVM/Info.plist;
				INFOPLIST_KEY_UIApplicationSupportsIndirectInputEvents = YES;
				INFOPLIST_KEY_UILaunchStoryboardName = LaunchScreen;
				INFOPLIST_KEY_UIMainStoryboardFile = Main;
				INFOPLIST_KEY_UISupportedInterfaceOrientations = UIInterfaceOrientationPortrait;
				INFOPLIST_KEY_UISupportedInterfaceOrientations_iPad = "UIInterfaceOrientationLandscapeLeft UIInterfaceOrientationLandscapeRight UIInterfaceOrientationPortrait UIInterfaceOrientationPortraitUpsideDown";
				LD_RUNPATH_SEARCH_PATHS = (
					"$(inherited)",
					"@executable_path/Frameworks",
				);
				MARKETING_VERSION = 1.0;
				PRODUCT_BUNDLE_IDENTIFIER = "com.pure-mvvm.pure-MVVM";
				PRODUCT_NAME = "$(TARGET_NAME)";
				SUPPORTED_PLATFORMS = "iphoneos iphonesimulator";
				SUPPORTS_MACCATALYST = NO;
				SWIFT_EMIT_LOC_STRINGS = YES;
				SWIFT_VERSION = 5.0;
				TARGETED_DEVICE_FAMILY = 1;
			};
			name = Release;
		};
/* End XCBuildConfiguration section */

/* Begin XCConfigurationList section */
		E3AACCAF2B299E4E003EF2DB /* Build configuration list for PBXProject "pure_MVVM" */ = {
			isa = XCConfigurationList;
			buildConfigurations = (
				E3AACCC62B299E50003EF2DB /* Debug */,
				E3AACCC72B299E50003EF2DB /* Release */,
			);
			defaultConfigurationIsVisible = 0;
			defaultConfigurationName = Release;
		};
		E3AACCC82B299E50003EF2DB /* Build configuration list for PBXNativeTarget "pure_MVVM" */ = {
			isa = XCConfigurationList;
			buildConfigurations = (
				E3AACCC92B299E50003EF2DB /* Debug */,
				E3AACCCA2B299E50003EF2DB /* Release */,
			);
			defaultConfigurationIsVisible = 0;
			defaultConfigurationName = Release;
		};
/* End XCConfigurationList section */
	};
	rootObject = E3AACCAC2B299E4E003EF2DB /* Project object */;
}
